
Microsoft Visual Studio Solution File, Format Version 12.00
# Visual Studio Version 17
VisualStudioVersion = 17.11.35219.272
MinimumVisualStudioVersion = 10.0.40219.1
Project("{FAE04EC0-301F-11D3-BF4B-00C04F79EFBC}") = "GestionCitasMedicas", "GestionCitasMedicas.csproj", "{420E5B90-0E0D-461A-A0D4-F7B02918384F}"
EndProject
Global
	GlobalSection(SolutionConfigurationPlatforms) = preSolution
		Debug|Any CPU = Debug|Any CPU
		Release|Any CPU = Release|Any CPU
	EndGlobalSection
	GlobalSection(ProjectConfigurationPlatforms) = postSolution
		{420E5B90-0E0D-461A-A0D4-F7B02918384F}.Debug|Any CPU.ActiveCfg = Debug|Any CPU
		{420E5B90-0E0D-461A-A0D4-F7B02918384F}.Debug|Any CPU.Build.0 = Debug|Any CPU
		{420E5B90-0E0D-461A-A0D4-F7B02918384F}.Release|Any CPU.ActiveCfg = Release|Any CPU
		{420E5B90-0E0D-461A-A0D4-F7B02918384F}.Release|Any CPU.Build.0 = Release|Any CPU
	EndGlobalSection
	GlobalSection(SolutionProperties) = preSolution
		HideSolutionNode = FALSE
	EndGlobalSection
	GlobalSection(ExtensibilityGlobals) = postSolution
		SolutionGuid = {AD7A5DA9-F3DA-453B-85C9-7BE3310027C6}
	EndGlobalSection
EndGlobal
